
Microsoft Visual Studio Solution File, Format Version 12.00
# Visual Studio Version 17
VisualStudioVersion = 17.14.36203.30 d17.14
MinimumVisualStudioVersion = 10.0.40219.1
Project("{FAE04EC0-301F-11D3-BF4B-00C04F79EFBC}") = "Builder", "Builder\Builder.csproj", "{C6F6CD8E-C2A9-4D4E-B400-43F5A2A0A2EE}"
EndProject
Global
	GlobalSection(SolutionConfigurationPlatforms) = preSolution
		Debug|Any CPU = Debug|Any CPU
		Release|Any CPU = Release|Any CPU
	EndGlobalSection
	GlobalSection(ProjectConfigurationPlatforms) = postSolution
		{C6F6CD8E-C2A9-4D4E-B400-43F5A2A0A2EE}.Debug|Any CPU.ActiveCfg = Debug|Any CPU
		{C6F6CD8E-C2A9-4D4E-B400-43F5A2A0A2EE}.Debug|Any CPU.Build.0 = Debug|Any CPU
		{C6F6CD8E-C2A9-4D4E-B400-43F5A2A0A2EE}.Release|Any CPU.ActiveCfg = Release|Any CPU
		{C6F6CD8E-C2A9-4D4E-B400-43F5A2A0A2EE}.Release|Any CPU.Build.0 = Release|Any CPU
	EndGlobalSection
	GlobalSection(SolutionProperties) = preSolution
		HideSolutionNode = FALSE
	EndGlobalSection
	GlobalSection(ExtensibilityGlobals) = postSolution
		SolutionGuid = {E8DE1760-7AA3-4690-93B5-A5249489CB9F}
	EndGlobalSection
EndGlobal
