
Microsoft Visual Studio Solution File, Format Version 12.00
# Visual Studio Version 17
VisualStudioVersion = 17.14.36203.30 d17.14
MinimumVisualStudioVersion = 10.0.40219.1
Project("{FAE04EC0-301F-11D3-BF4B-00C04F79EFBC}") = "Singleton", "Singleton\Singleton.csproj", "{5AB19AA0-B77D-43E6-92AF-0ACB09CD8B4B}"
EndProject
Global
	GlobalSection(SolutionConfigurationPlatforms) = preSolution
		Debug|Any CPU = Debug|Any CPU
		Release|Any CPU = Release|Any CPU
	EndGlobalSection
	GlobalSection(ProjectConfigurationPlatforms) = postSolution
		{5AB19AA0-B77D-43E6-92AF-0ACB09CD8B4B}.Debug|Any CPU.ActiveCfg = Debug|Any CPU
		{5AB19AA0-B77D-43E6-92AF-0ACB09CD8B4B}.Debug|Any CPU.Build.0 = Debug|Any CPU
		{5AB19AA0-B77D-43E6-92AF-0ACB09CD8B4B}.Release|Any CPU.ActiveCfg = Release|Any CPU
		{5AB19AA0-B77D-43E6-92AF-0ACB09CD8B4B}.Release|Any CPU.Build.0 = Release|Any CPU
	EndGlobalSection
	GlobalSection(SolutionProperties) = preSolution
		HideSolutionNode = FALSE
	EndGlobalSection
	GlobalSection(ExtensibilityGlobals) = postSolution
		SolutionGuid = {74EA6320-BA16-44C2-9F3C-F7F0F1F12492}
	EndGlobalSection
EndGlobal
