
Microsoft Visual Studio Solution File, Format Version 12.00
# Visual Studio Version 17
VisualStudioVersion = 17.14.36203.30 d17.14
MinimumVisualStudioVersion = 10.0.40219.1
Project("{FAE04EC0-301F-11D3-BF4B-00C04F79EFBC}") = "Financial Forecast", "Financial Forecast\Financial Forecast.csproj", "{84856883-09EE-4397-8F70-563E0A30E97B}"
EndProject
Global
	GlobalSection(SolutionConfigurationPlatforms) = preSolution
		Debug|Any CPU = Debug|Any CPU
		Release|Any CPU = Release|Any CPU
	EndGlobalSection
	GlobalSection(ProjectConfigurationPlatforms) = postSolution
		{84856883-09EE-4397-8F70-563E0A30E97B}.Debug|Any CPU.ActiveCfg = Debug|Any CPU
		{84856883-09EE-4397-8F70-563E0A30E97B}.Debug|Any CPU.Build.0 = Debug|Any CPU
		{84856883-09EE-4397-8F70-563E0A30E97B}.Release|Any CPU.ActiveCfg = Release|Any CPU
		{84856883-09EE-4397-8F70-563E0A30E97B}.Release|Any CPU.Build.0 = Release|Any CPU
	EndGlobalSection
	GlobalSection(SolutionProperties) = preSolution
		HideSolutionNode = FALSE
	EndGlobalSection
	GlobalSection(ExtensibilityGlobals) = postSolution
		SolutionGuid = {7DB38C0A-D162-43C3-AEFF-6C7C239C8CBB}
	EndGlobalSection
EndGlobal
