
Microsoft Visual Studio Solution File, Format Version 12.00
# Visual Studio Version 17
VisualStudioVersion = 17.14.36203.30 d17.14
MinimumVisualStudioVersion = 10.0.40219.1
Project("{FAE04EC0-301F-11D3-BF4B-00C04F79EFBC}") = "DIPattern", "DIPattern\DIPattern.csproj", "{7FA2825D-B4D6-48CD-93F4-4C311CA16355}"
EndProject
Global
	GlobalSection(SolutionConfigurationPlatforms) = preSolution
		Debug|Any CPU = Debug|Any CPU
		Release|Any CPU = Release|Any CPU
	EndGlobalSection
	GlobalSection(ProjectConfigurationPlatforms) = postSolution
		{7FA2825D-B4D6-48CD-93F4-4C311CA16355}.Debug|Any CPU.ActiveCfg = Debug|Any CPU
		{7FA2825D-B4D6-48CD-93F4-4C311CA16355}.Debug|Any CPU.Build.0 = Debug|Any CPU
		{7FA2825D-B4D6-48CD-93F4-4C311CA16355}.Release|Any CPU.ActiveCfg = Release|Any CPU
		{7FA2825D-B4D6-48CD-93F4-4C311CA16355}.Release|Any CPU.Build.0 = Release|Any CPU
	EndGlobalSection
	GlobalSection(SolutionProperties) = preSolution
		HideSolutionNode = FALSE
	EndGlobalSection
	GlobalSection(ExtensibilityGlobals) = postSolution
		SolutionGuid = {38AF215F-5612-42A4-BE6D-5C067FA4E311}
	EndGlobalSection
EndGlobal
