
Microsoft Visual Studio Solution File, Format Version 12.00
# Visual Studio Version 17
VisualStudioVersion = 17.14.36203.30
MinimumVisualStudioVersion = 10.0.40219.1
Project("{FAE04EC0-301F-11D3-BF4B-00C04F79EFBC}") = "SQL_Test", "SQL_Test\SQL_Test.csproj", "{10F7A34E-5F3A-4181-903D-A1FA2C141AAF}"
EndProject
Project("{FAE04EC0-301F-11D3-BF4B-00C04F79EFBC}") = "SQL-2TEST", "SQL-2TEST\SQL-2TEST.csproj", "{D72A7D77-9CAD-4FC6-B3F4-40E34FBCE3A7}"
EndProject
Project("{FAE04EC0-301F-11D3-BF4B-00C04F79EFBC}") = "SQL-4", "SQL-4\SQL-4.csproj", "{2E236A7F-66CA-4F7F-9389-1FEE2D731AA5}"
EndProject
Project("{FAE04EC0-301F-11D3-BF4B-00C04F79EFBC}") = "SQL_5", "SQL_5\SQL_5.csproj", "{0F235879-3537-4AD3-A8E4-FB89820867FA}"
EndProject
Global
	GlobalSection(SolutionConfigurationPlatforms) = preSolution
		Debug|Any CPU = Debug|Any CPU
		Release|Any CPU = Release|Any CPU
	EndGlobalSection
	GlobalSection(ProjectConfigurationPlatforms) = postSolution
		{10F7A34E-5F3A-4181-903D-A1FA2C141AAF}.Debug|Any CPU.ActiveCfg = Debug|Any CPU
		{10F7A34E-5F3A-4181-903D-A1FA2C141AAF}.Debug|Any CPU.Build.0 = Debug|Any CPU
		{10F7A34E-5F3A-4181-903D-A1FA2C141AAF}.Release|Any CPU.ActiveCfg = Release|Any CPU
		{10F7A34E-5F3A-4181-903D-A1FA2C141AAF}.Release|Any CPU.Build.0 = Release|Any CPU
		{D72A7D77-9CAD-4FC6-B3F4-40E34FBCE3A7}.Debug|Any CPU.ActiveCfg = Debug|Any CPU
		{D72A7D77-9CAD-4FC6-B3F4-40E34FBCE3A7}.Debug|Any CPU.Build.0 = Debug|Any CPU
		{D72A7D77-9CAD-4FC6-B3F4-40E34FBCE3A7}.Release|Any CPU.ActiveCfg = Release|Any CPU
		{D72A7D77-9CAD-4FC6-B3F4-40E34FBCE3A7}.Release|Any CPU.Build.0 = Release|Any CPU
		{2E236A7F-66CA-4F7F-9389-1FEE2D731AA5}.Debug|Any CPU.ActiveCfg = Debug|Any CPU
		{2E236A7F-66CA-4F7F-9389-1FEE2D731AA5}.Debug|Any CPU.Build.0 = Debug|Any CPU
		{2E236A7F-66CA-4F7F-9389-1FEE2D731AA5}.Release|Any CPU.ActiveCfg = Release|Any CPU
		{2E236A7F-66CA-4F7F-9389-1FEE2D731AA5}.Release|Any CPU.Build.0 = Release|Any CPU
		{0F235879-3537-4AD3-A8E4-FB89820867FA}.Debug|Any CPU.ActiveCfg = Debug|Any CPU
		{0F235879-3537-4AD3-A8E4-FB89820867FA}.Debug|Any CPU.Build.0 = Debug|Any CPU
		{0F235879-3537-4AD3-A8E4-FB89820867FA}.Release|Any CPU.ActiveCfg = Release|Any CPU
		{0F235879-3537-4AD3-A8E4-FB89820867FA}.Release|Any CPU.Build.0 = Release|Any CPU
	EndGlobalSection
	GlobalSection(SolutionProperties) = preSolution
		HideSolutionNode = FALSE
	EndGlobalSection
	GlobalSection(ExtensibilityGlobals) = postSolution
		SolutionGuid = {3E22C229-D3A4-4735-BAD2-DA261083289A}
	EndGlobalSection
EndGlobal
